<?xml version="1.0" encoding="utf-8"?>
<Project ToolsVersion="4.0" xmlns="http://schemas.microsoft.com/developer/msbuild/2003">
  <ItemGroup>
    <Filter Include="Core">
      <UniqueIdentifier>{be3b6203-294f-49b4-a858-535b6085ca58}</UniqueIdentifier>
    </Filter>
    <Filter Include="Assets">
      <UniqueIdentifier>{67DA6AB6-F800-4c08-8B7A-83BB121AAD01}</UniqueIdentifier>
      <Extensions>rc;ico;cur;bmp;dlg;rc2;rct;bin;rgs;gif;jpg;jpeg;jpe;resx;tiff;tif;png;wav;mfcribbon-ms</Extensions>
    </Filter>
    <Filter Include="Hibernations">
      <UniqueIdentifier>{ceab4213-32dd-4468-bbcd-c2f5a214f8f2}</UniqueIdentifier>
    </Filter>
    <Filter Include="3rdparty">
      <UniqueIdentifier>{2cd4936d-ac0f-4308-9c96-d36963dc148b}</UniqueIdentifier>
    </Filter>
    <Filter Include="3rdparty\SQLite">
      <UniqueIdentifier>{8c1369fc-49a3-42cc-955b-0db461e6f269}</UniqueIdentifier>
    </Filter>
    <Filter Include="Models">
      <UniqueIdentifier>{970305fc-ba31-4817-90ce-9a58929071d7}</UniqueIdentifier>
    </Filter>
  </ItemGroup>
  <ItemGroup>
    <ClCompile Include="src\Core\ReleaseBuildEntryPoint.cpp">
      <Filter>Core</Filter>
    </ClCompile>
    <ClCompile Include="src\Core\AbstractApplication.cpp">
      <Filter>Core</Filter>
    </ClCompile>
    <ClCompile Include="src\Core\EntgeltrechnerApplication.cpp">
      <Filter>Core</Filter>
    </ClCompile>
    <ClCompile Include="src\Core\DebugBuildEntryPoint.cpp">
      <Filter>Core</Filter>
    </ClCompile>
    <ClCompile Include="src\Core\Utils.cpp">
      <Filter>Core</Filter>
    </ClCompile>
    <ClCompile Include="3rdparty\sqlite3\sqlite3.c">
      <Filter>3rdparty\SQLite</Filter>
    </ClCompile>
  </ItemGroup>
  <ItemGroup>
    <ClInclude Include="src\Core\AbstractApplication.h">
      <Filter>Core</Filter>
    </ClInclude>
    <ClInclude Include="src\Core\EntgeltrechnerApplication.h">
      <Filter>Core</Filter>
    </ClInclude>
    <ClInclude Include="src\Core\Utils.h">
      <Filter>Core</Filter>
    </ClInclude>
    <ClInclude Include="assets\resource.h">
      <Filter>Assets</Filter>
    </ClInclude>
    <ClInclude Include="3rdparty\sqlite3\sqlite3.h">
      <Filter>3rdparty\SQLite</Filter>
    </ClInclude>
    <ClInclude Include="3rdparty\sqlite3\sqlite3ext.h">
      <Filter>3rdparty\SQLite</Filter>
    </ClInclude>
    <ClInclude Include="src\Hibernations\InsurancePercentageHibernation.h">
      <Filter>Hibernations</Filter>
    </ClInclude>
    <ClInclude Include="src\Models\InsurancePercentage.h">
      <Filter>Models</Filter>
    </ClInclude>
    <ClInclude Include="src\Hibernations\AbstractHibernation.h">
      <Filter>Hibernations</Filter>
    </ClInclude>
    <ClInclude Include="src\Hibernations\Exceptions.h">
      <Filter>Hibernations</Filter>
    </ClInclude>
  </ItemGroup>
  <ItemGroup>
    <Image Include="assets\App.ico">
      <Filter>Assets</Filter>
    </Image>
  </ItemGroup>
  <ItemGroup>
    <ResourceCompile Include="assets\Assets.rc">
      <Filter>Assets</Filter>
    </ResourceCompile>
  </ItemGroup>
  <ItemGroup>
    <None Include="Entgeltrechner.ruleset" />
  </ItemGroup>
</Project>